# This file is generated by running "yarn install" inside your project.
# Manual changes might be lost - proceed with caution!

__metadata:
  version: 8
  cacheKey: 10c0

"@mediafx/client@workspace:.":
  version: 0.0.0-use.local
  resolution: "@mediafx/client@workspace:."
  dependencies:
    "@napi-rs/cli": "npm:^2.18.4"
    "@types/node": "npm:^22.15.21"
  languageName: unknown
  linkType: soft

"@napi-rs/cli@npm:^2.18.4":
  version: 2.18.4
  resolution: "@napi-rs/cli@npm:2.18.4"
  bin:
    napi: scripts/index.js
  checksum: 10c0/cb80bc86687ba01077a0faa8d38198bc632b7caacf3a42ec42c3ec04700084ca26be9eec13bf7ac7da90e6afb46c65a39de8a86825a53b74dec2f2f459c0a7ea
  languageName: node
  linkType: hard

"@types/node@npm:^22.15.21":
  version: 22.15.21
  resolution: "@types/node@npm:22.15.21"
  dependencies:
    undici-types: "npm:~6.21.0"
  checksum: 10c0/f092bbccda2131c2b2c8f720338080aa0ef1d928f5f1062c03954a4f7dafa7ee3ed29bc3e51bd4e2584473b3d943c637a2b39ad7174898970818270187cf10c1
  languageName: node
  linkType: hard

"undici-types@npm:~6.21.0":
  version: 6.21.0
  resolution: "undici-types@npm:6.21.0"
  checksum: 10c0/c01ed51829b10aa72fc3ce64b747f8e74ae9b60eafa19a7b46ef624403508a54c526ffab06a14a26b3120d055e1104d7abe7c9017e83ced038ea5cf52f8d5e04
  languageName: node
  linkType: hard
