version = 1
revision = 2
requires-python = ">=3.12"

[[package]]
name = "colorama"
version = "0.4.6"
source = { registry = "https://pypi.org/simple" }
sdist = { url = "https://files.pythonhosted.org/packages/d8/53/6f443c9a4a8358a93a6792e2acffb9d9d5cb0a5cfd8802644b7b1c9a02e4/colorama-0.4.6.tar.gz", hash = "sha256:08695f5cb7ed6e0531a20572697297273c47b8cae5a63ffc6d6ed5c201be6e44", size = 27697, upload-time = "2022-10-25T02:36:22.414Z" }
wheels = [
    { url = "https://files.pythonhosted.org/packages/d1/d6/3965ed04c63042e047cb6a3e6ed1a63a35087b6a609aa3a15ed8ac56c221/colorama-0.4.6-py2.py3-none-any.whl", hash = "sha256:4f1d9991f5acc0ca119f9d443620b77f9d6b33703e51011c16baf57afb285fc6", size = 25335, upload-time = "2022-10-25T02:36:20.889Z" },
]

[[package]]
name = "iniconfig"
version = "2.1.0"
source = { registry = "https://pypi.org/simple" }
sdist = { url = "https://files.pythonhosted.org/packages/f2/97/ebf4da567aa6827c909642694d71c9fcf53e5b504f2d96afea02718862f3/iniconfig-2.1.0.tar.gz", hash = "sha256:3abbd2e30b36733fee78f9c7f7308f2d0050e88f0087fd25c2645f63c773e1c7", size = 4793, upload-time = "2025-03-19T20:09:59.721Z" }
wheels = [
    { url = "https://files.pythonhosted.org/packages/2c/e1/e6716421ea10d38022b952c159d5161ca1193197fb744506875fbb87ea7b/iniconfig-2.1.0-py3-none-any.whl", hash = "sha256:9deba5723312380e77435581c6bf4935c94cbfab9b1ed33ef8d238ea168eb760", size = 6050, upload-time = "2025-03-19T20:10:01.071Z" },
]

[[package]]
name = "maturin"
version = "1.8.6"
source = { registry = "https://pypi.org/simple" }
sdist = { url = "https://files.pythonhosted.org/packages/34/bc/c7df50a359c3a31490785c77d1ddd5fc83cc8cc07a4eddd289dbae53545a/maturin-1.8.6.tar.gz", hash = "sha256:0e0dc2e0bfaa2e1bd238e0236cf8a2b7e2250ccaa29c1aa8d0e61fa664b0289d", size = 203320, upload-time = "2025-05-13T13:56:11.033Z" }
wheels = [
    { url = "https://files.pythonhosted.org/packages/d3/f1/e493add40aebdab88ac1aefb41b9c84ac288fb00025bc96b9213ee02c958/maturin-1.8.6-py3-none-linux_armv6l.whl", hash = "sha256:1bf4c743dd2b24448e82b8c96251597818956ddf848e1d16b59356512c7e58d8", size = 7831195, upload-time = "2025-05-13T13:55:42.634Z" },
    { url = "https://files.pythonhosted.org/packages/f0/1c/588afdb7bf79c4f15e33e9af6d7f3b12ec662bc63a22919e3bf39afa2a1e/maturin-1.8.6-py3-none-macosx_10_12_x86_64.macosx_11_0_arm64.macosx_10_12_universal2.whl", hash = "sha256:4ea89cf76048bc760e12b36b608fc3f5ef4f7359c0895e9afe737be34041d948", size = 15276471, upload-time = "2025-05-13T13:55:46.196Z" },
    { url = "https://files.pythonhosted.org/packages/62/0b/4ce97f7f3a42068fbb42ba47d8b072e098c060fc1f64d8523e5588c57543/maturin-1.8.6-py3-none-macosx_10_12_x86_64.whl", hash = "sha256:4dd2e2f005ca63ac7ef0dddf2d65324ee480277a11544dcc4e7e436af68034dd", size = 7966129, upload-time = "2025-05-13T13:55:48.633Z" },
    { url = "https://files.pythonhosted.org/packages/84/bf/4eae9d12920c580baf9d47ee63fec3ae0233e90a3aa8987bd7909cdc36a0/maturin-1.8.6-py3-none-manylinux_2_12_i686.manylinux2010_i686.musllinux_1_1_i686.whl", hash = "sha256:b0637604774e2c50ab48a0e9023fe2f071837ecbc817c04ec28e1cfcc25224c2", size = 7835935, upload-time = "2025-05-13T13:55:51.235Z" },
    { url = "https://files.pythonhosted.org/packages/f9/aa/8090f8b3f5f7ec46bc95deb0f5b29bf52c98156ef594f2e65d20bf94cea1/maturin-1.8.6-py3-none-manylinux_2_12_x86_64.manylinux2010_x86_64.musllinux_1_1_x86_64.whl", hash = "sha256:bec5948c6475954c8089b17fae349966258756bb2ca05e54099e476a08070795", size = 8282553, upload-time = "2025-05-13T13:55:53.266Z" },
    { url = "https://files.pythonhosted.org/packages/bc/50/4348da6cc16c006dab4e6cd479cf00dc0afa80db289a115a314df9909ee6/maturin-1.8.6-py3-none-manylinux_2_17_aarch64.manylinux2014_aarch64.musllinux_1_1_aarch64.whl", hash = "sha256:62a65f70ebaadd6eb6083f5548413744f2ef12400445778e08d41d4facf15bbe", size = 7618339, upload-time = "2025-05-13T13:55:55.706Z" },
    { url = "https://files.pythonhosted.org/packages/ce/77/16458e29487d068c8cdb7f06a4403393568a10b44993fe2ec9c3b29fdccd/maturin-1.8.6-py3-none-manylinux_2_17_armv7l.manylinux2014_armv7l.musllinux_1_1_armv7l.whl", hash = "sha256:5c0ff7ad43883920032b63c94c76dcdd5758710d7b72b68db69e7826c40534ac", size = 7686748, upload-time = "2025-05-13T13:55:57.97Z" },
    { url = "https://files.pythonhosted.org/packages/0c/c1/a52f3c1171c053810606c7c7fae5ce4637446ef9df44f281862d2bef3750/maturin-1.8.6-py3-none-manylinux_2_17_ppc64le.manylinux2014_ppc64le.musllinux_1_1_ppc64le.whl", hash = "sha256:ca30fdb158a24cf312f3e53072a6e987182c103fa613efea2d28b5f52707d04a", size = 9767394, upload-time = "2025-05-13T13:56:00.694Z" },
    { url = "https://files.pythonhosted.org/packages/e2/ab/abae74f36a0f200384eda985ebeb9ee5dcbb19bfe1558c3335ef6f297094/maturin-1.8.6-py3-none-manylinux_2_17_s390x.manylinux2014_s390x.whl", hash = "sha256:b1e786ec9b5f7315c7e3fcc62b0715f9d99ffe477b06d0d62655a71e6a51a67b", size = 10995574, upload-time = "2025-05-13T13:56:03.101Z" },
    { url = "https://files.pythonhosted.org/packages/8e/1c/c478578a62c1e34b5b0641a474de78cb56d6c4aad0ba88f90dfa9f2a15f7/maturin-1.8.6-py3-none-win32.whl", hash = "sha256:dade5edfaf508439ff6bbc7be4f207e04c0999c47d9ef7e1bae16258e76b1518", size = 7027171, upload-time = "2025-05-13T13:56:05.472Z" },
    { url = "https://files.pythonhosted.org/packages/c9/89/2c57d29f25e06696cb3c5b3770ba0b40dfe87f91a879ecbcdc92e071a26b/maturin-1.8.6-py3-none-win_amd64.whl", hash = "sha256:6bc9281b90cd37e2a7985f2e5d6e3d35a1d64cf6e4d04ce5ed25603d162995b9", size = 7947998, upload-time = "2025-05-13T13:56:07.428Z" },
    { url = "https://files.pythonhosted.org/packages/9d/f5/3ee1c6aa4e277323bef38ea0ec07262a9b88711d1a29cb5bb08ce3807a6f/maturin-1.8.6-py3-none-win_arm64.whl", hash = "sha256:24f66624db69b895b134a8f1592efdf04cd223c9b3b65243ad32080477936d14", size = 6684974, upload-time = "2025-05-13T13:56:09.415Z" },
]

[[package]]
name = "mediafx"
source = { editable = "." }

[package.optional-dependencies]
tests = [
    { name = "pytest" },
]

[package.dev-dependencies]
dev = [
    { name = "maturin" },
]

[package.metadata]
requires-dist = [{ name = "pytest", marker = "extra == 'tests'" }]
provides-extras = ["tests"]

[package.metadata.requires-dev]
dev = [{ name = "maturin", specifier = ">=1.8,<2.0" }]

[[package]]
name = "packaging"
version = "25.0"
source = { registry = "https://pypi.org/simple" }
sdist = { url = "https://files.pythonhosted.org/packages/a1/d4/1fc4078c65507b51b96ca8f8c3ba19e6a61c8253c72794544580a7b6c24d/packaging-25.0.tar.gz", hash = "sha256:d443872c98d677bf60f6a1f2f8c1cb748e8fe762d2bf9d3148b5599295b0fc4f", size = 165727, upload-time = "2025-04-19T11:48:59.673Z" }
wheels = [
    { url = "https://files.pythonhosted.org/packages/20/12/38679034af332785aac8774540895e234f4d07f7545804097de4b666afd8/packaging-25.0-py3-none-any.whl", hash = "sha256:29572ef2b1f17581046b3a2227d5c611fb25ec70ca1ba8554b24b0e69331a484", size = 66469, upload-time = "2025-04-19T11:48:57.875Z" },
]

[[package]]
name = "pluggy"
version = "1.6.0"
source = { registry = "https://pypi.org/simple" }
sdist = { url = "https://files.pythonhosted.org/packages/f9/e2/3e91f31a7d2b083fe6ef3fa267035b518369d9511ffab804f839851d2779/pluggy-1.6.0.tar.gz", hash = "sha256:7dcc130b76258d33b90f61b658791dede3486c3e6bfb003ee5c9bfb396dd22f3", size = 69412, upload-time = "2025-05-15T12:30:07.975Z" }
wheels = [
    { url = "https://files.pythonhosted.org/packages/54/20/4d324d65cc6d9205fabedc306948156824eb9f0ee1633355a8f7ec5c66bf/pluggy-1.6.0-py3-none-any.whl", hash = "sha256:e920276dd6813095e9377c0bc5566d94c932c33b27a3e3945d8389c374dd4746", size = 20538, upload-time = "2025-05-15T12:30:06.134Z" },
]

[[package]]
name = "pytest"
version = "8.3.5"
source = { registry = "https://pypi.org/simple" }
dependencies = [
    { name = "colorama", marker = "sys_platform == 'win32'" },
    { name = "iniconfig" },
    { name = "packaging" },
    { name = "pluggy" },
]
sdist = { url = "https://files.pythonhosted.org/packages/ae/3c/c9d525a414d506893f0cd8a8d0de7706446213181570cdbd766691164e40/pytest-8.3.5.tar.gz", hash = "sha256:f4efe70cc14e511565ac476b57c279e12a855b11f48f212af1080ef2263d3845", size = 1450891, upload-time = "2025-03-02T12:54:54.503Z" }
wheels = [
    { url = "https://files.pythonhosted.org/packages/30/3d/64ad57c803f1fa1e963a7946b6e0fea4a70df53c1a7fed304586539c2bac/pytest-8.3.5-py3-none-any.whl", hash = "sha256:c69214aa47deac29fad6c2a4f590b9c4a9fdb16a403176fe154b79c0b4d4d820", size = 343634, upload-time = "2025-03-02T12:54:52.069Z" },
]
